git.apache.org/thrift.git v0.0.0-20151001171628-53dd39833a08 h1:krNMQ+70tJeT1XY6y7xh76fpVfpZzgz940dPLtQEtbI=
git.apache.org/thrift.git v0.0.0-20151001171628-53dd39833a08/go.mod h1:fPE2ZNJGynbRyZ4dJvy6G277gSllfV2HJqblrnkyeyg=
gopkg.in/freddierice/go-sasl.v4 v4.0.0-20170404202830-ec45f97089cf/go.mod h1:tn4NPeXC82H4qGQMiaN1gxVNm2PABWX/NLouYYnET3U=
