# This file is autogenerated, do not edit; changes may be undone by the next 'dep ensure'.


[[projects]]
  digest = "1:89696c38cec777120b8b1bb5e2d363d655cf2e1e7d8c851919aaa0fd576d9b86"
  name = "github.com/apache/thrift"
  packages = ["lib/go/thrift"]
  pruneopts = ""
  revision = "384647d290e2e4a55a14b1b7ef1b7e66293a2c33"
  version = "v0.12.0"

[solve-meta]
  analyzer-name = "dep"
  analyzer-version = 1
  input-imports = ["github.com/apache/thrift/lib/go/thrift"]
  solver-name = "gps-cdcl"
  solver-version = 1
