# This file is autogenerated, do not edit; changes may be undone by the next 'dep ensure'.


[[projects]]
  name = "git.apache.org/thrift.git"
  packages = ["lib/go/thrift"]
  revision = "53dd39833a08ce33582e5ff31fa18bb4735d6731"

[solve-meta]
  analyzer-name = "dep"
  analyzer-version = 1
  inputs-digest = "14a444fc0fb03980037cc22a47d68750f957462f23bb445c4f3fe4b7ec51049a"
  solver-name = "gps-cdcl"
  solver-version = 1
