# This file is autogenerated, do not edit; changes may be undone by the next 'dep ensure'.


[[projects]]
  digest = "1:281e8f7d40bcb87a46c26b2c6301662c3584300ee2d0243054cba3764fbe2a0c"
  name = "github.com/apache/thrift"
  packages = ["lib/go/thrift"]
  pruneopts = ""
  revision = "57e24caa86afa8bacf444e66a9aef6203831416c"
  version = "v0.14.2"

[solve-meta]
  analyzer-name = "dep"
  analyzer-version = 1
  input-imports = ["github.com/apache/thrift/lib/go/thrift"]
  solver-name = "gps-cdcl"
  solver-version = 1
